// !$*UTF8*$!
{
	archiveVersion = 1;
	classes = {
	};
	objectVersion = 48;
	objects = {

/* Begin PBXBuildFile section */
		6E2E7BE61FBF2D0F000D935A /* EnvironNewsTests.swift in Sources */ = {isa = PBXBuildFile; fileRef = 6E2E7BE51FBF2D0F000D935A /* EnvironNewsTests.swift */; };
		6E2E7BF11FBF2D10000D935A /* EnvironNewsUITests.swift in Sources */ = {isa = PBXBuildFile; fileRef = 6E2E7BF01FBF2D10000D935A /* EnvironNewsUITests.swift */; };
		6E2E7C081FBF2DBA000D935A /* AppDelegate.swift in Sources */ = {isa = PBXBuildFile; fileRef = 6E2E7C051FBF2DBA000D935A /* AppDelegate.swift */; };
		6E2E7C091FBF2DBA000D935A /* EnvironNews.xcdatamodeld in Sources */ = {isa = PBXBuildFile; fileRef = 6E2E7C061FBF2DBA000D935A /* EnvironNews.xcdatamodeld */; };
		6E2E7C0C1FBF2DC1000D935A /* Base.lproj in Resources */ = {isa = PBXBuildFile; fileRef = 6E2E7C0A1FBF2DC1000D935A /* Base.lproj */; };
		6E2E7C0D1FBF2DC1000D935A /* Assets.xcassets in Resources */ = {isa = PBXBuildFile; fileRef = 6E2E7C0B1FBF2DC1000D935A /* Assets.xcassets */; };
/* End PBXBuildFile section */

/* Begin PBXContainerItemProxy section */
		6E2E7BE21FBF2D0F000D935A /* PBXContainerItemProxy */ = {
			isa = PBXContainerItemProxy;
			containerPortal = 6E2E7BC21FBF2D0F000D935A /* Project object */;
			proxyType = 1;
			remoteGlobalIDString = 6E2E7BC91FBF2D0F000D935A;
			remoteInfo = EnvironNews;
		};
		6E2E7BED1FBF2D10000D935A /* PBXContainerItemProxy */ = {
			isa = PBXContainerItemProxy;
			containerPortal = 6E2E7BC21FBF2D0F000D935A /* Project object */;
			proxyType = 1;
			remoteGlobalIDString = 6E2E7BC91FBF2D0F000D935A;
			remoteInfo = EnvironNews;
		};
/* End PBXContainerItemProxy section */

/* Begin PBXFileReference section */
		6E2E7BCA1FBF2D0F000D935A /* EnvironNews.app */ = {isa = PBXFileReference; explicitFileType = wrapper.application; includeInIndex = 0; path = EnvironNews.app; sourceTree = BUILT_PRODUCTS_DIR; };
		6E2E7BE11FBF2D0F000D935A /* EnvironNewsTests.xctest */ = {isa = PBXFileReference; explicitFileType = wrapper.cfbundle; includeInIndex = 0; path = EnvironNewsTests.xctest; sourceTree = BUILT_PRODUCTS_DIR; };
		6E2E7BE51FBF2D0F000D935A /* EnvironNewsTests.swift */ = {isa = PBXFileReference; lastKnownFileType = sourcecode.swift; path = EnvironNewsTests.swift; sourceTree = "<group>"; };
		6E2E7BE71FBF2D0F000D935A /* Info.plist */ = {isa = PBXFileReference; lastKnownFileType = text.plist.xml; path = Info.plist; sourceTree = "<group>"; };
		6E2E7BEC1FBF2D0F000D935A /* EnvironNewsUITests.xctest */ = {isa = PBXFileReference; explicitFileType = wrapper.cfbundle; includeInIndex = 0; path = EnvironNewsUITests.xctest; sourceTree = BUILT_PRODUCTS_DIR; };
		6E2E7BF01FBF2D10000D935A /* EnvironNewsUITests.swift */ = {isa = PBXFileReference; lastKnownFileType = sourcecode.swift; path = EnvironNewsUITests.swift; sourceTree = "<group>"; };
		6E2E7BF21FBF2D10000D935A /* Info.plist */ = {isa = PBXFileReference; lastKnownFileType = text.plist.xml; path = Info.plist; sourceTree = "<group>"; };
		6E2E7C041FBF2DB9000D935A /* EnvironNews-Bridging-Header.h */ = {isa = PBXFileReference; lastKnownFileType = sourcecode.c.h; path = "EnvironNews-Bridging-Header.h"; sourceTree = "<group>"; };
		6E2E7C051FBF2DBA000D935A /* AppDelegate.swift */ = {isa = PBXFileReference; fileEncoding = 4; lastKnownFileType = sourcecode.swift; path = AppDelegate.swift; sourceTree = "<group>"; };
		6E2E7C071FBF2DBA000D935A /* EnvironNews.xcdatamodel */ = {isa = PBXFileReference; lastKnownFileType = wrapper.xcdatamodel; path = EnvironNews.xcdatamodel; sourceTree = "<group>"; };
		6E2E7C0A1FBF2DC1000D935A /* Base.lproj */ = {isa = PBXFileReference; lastKnownFileType = folder; path = Base.lproj; sourceTree = "<group>"; };
		6E2E7C0B1FBF2DC1000D935A /* Assets.xcassets */ = {isa = PBXFileReference; lastKnownFileType = folder.assetcatalog; path = Assets.xcassets; sourceTree = "<group>"; };
/* End PBXFileReference section */

/* Begin PBXFrameworksBuildPhase section */
		6E2E7BC71FBF2D0F000D935A /* Frameworks */ = {
			isa = PBXFrameworksBuildPhase;
			buildActionMask = 2147483647;
			files = (
			);
			runOnlyForDeploymentPostprocessing = 0;
		};
		6E2E7BDE1FBF2D0F000D935A /* Frameworks */ = {
			isa = PBXFrameworksBuildPhase;
			buildActionMask = 2147483647;
			files = (
			);
			runOnlyForDeploymentPostprocessing = 0;
		};
		6E2E7BE91FBF2D0F000D935A /* Frameworks */ = {
			isa = PBXFrameworksBuildPhase;
			buildActionMask = 2147483647;
			files = (
			);
			runOnlyForDeploymentPostprocessing = 0;
		};
/* End PBXFrameworksBuildPhase section */

/* Begin PBXGroup section */
		6E2E7BC11FBF2D0F000D935A = {
			isa = PBXGroup;
			children = (
				6E2E7BCC1FBF2D0F000D935A /* EnvironNews */,
				6E2E7BE41FBF2D0F000D935A /* EnvironNewsTests */,
				6E2E7BEF1FBF2D10000D935A /* EnvironNewsUITests */,
				6E2E7BCB1FBF2D0F000D935A /* Products */,
			);
			sourceTree = "<group>";
		};
		6E2E7BCB1FBF2D0F000D935A /* Products */ = {
			isa = PBXGroup;
			children = (
				6E2E7BCA1FBF2D0F000D935A /* EnvironNews.app */,
				6E2E7BE11FBF2D0F000D935A /* EnvironNewsTests.xctest */,
				6E2E7BEC1FBF2D0F000D935A /* EnvironNewsUITests.xctest */,
			);
			name = Products;
			sourceTree = "<group>";
		};
		6E2E7BCC1FBF2D0F000D935A /* EnvironNews */ = {
			isa = PBXGroup;
			children = (
				6E2E7C021FBF2D50000D935A /* Rescources */,
				6E2E7C011FBF2D48000D935A /* Supporting */,
				6E2E7C001FBF2D32000D935A /* Service */,
				6E2E7BFF1FBF2D2C000D935A /* Models */,
				6E2E7BFE1FBF2D20000D935A /* Controllers */,
				6E2E7C031FBF2D55000D935A /* Views */,
			);
			path = EnvironNews;
			sourceTree = "<group>";
		};
		6E2E7BE41FBF2D0F000D935A /* EnvironNewsTests */ = {
			isa = PBXGroup;
			children = (
				6E2E7BE51FBF2D0F000D935A /* EnvironNewsTests.swift */,
				6E2E7BE71FBF2D0F000D935A /* Info.plist */,
			);
			path = EnvironNewsTests;
			sourceTree = "<group>";
		};
		6E2E7BEF1FBF2D10000D935A /* EnvironNewsUITests */ = {
			isa = PBXGroup;
			children = (
				6E2E7BF01FBF2D10000D935A /* EnvironNewsUITests.swift */,
				6E2E7BF21FBF2D10000D935A /* Info.plist */,
			);
			path = EnvironNewsUITests;
			sourceTree = "<group>";
		};
		6E2E7BFE1FBF2D20000D935A /* Controllers */ = {
			isa = PBXGroup;
			children = (
			);
			path = Controllers;
			sourceTree = "<group>";
		};
		6E2E7BFF1FBF2D2C000D935A /* Models */ = {
			isa = PBXGroup;
			children = (
			);
			path = Models;
			sourceTree = "<group>";
		};
		6E2E7C001FBF2D32000D935A /* Service */ = {
			isa = PBXGroup;
			children = (
			);
			path = Service;
			sourceTree = "<group>";
		};
		6E2E7C011FBF2D48000D935A /* Supporting */ = {
			isa = PBXGroup;
			children = (
				6E2E7C051FBF2DBA000D935A /* AppDelegate.swift */,
				6E2E7C061FBF2DBA000D935A /* EnvironNews.xcdatamodeld */,
				6E2E7C041FBF2DB9000D935A /* EnvironNews-Bridging-Header.h */,
			);
			path = Supporting;
			sourceTree = "<group>";
		};
		6E2E7C021FBF2D50000D935A /* Rescources */ = {
			isa = PBXGroup;
			children = (
				6E2E7C0B1FBF2DC1000D935A /* Assets.xcassets */,
				6E2E7C0A1FBF2DC1000D935A /* Base.lproj */,
			);
			path = Rescources;
			sourceTree = "<group>";
		};
		6E2E7C031FBF2D55000D935A /* Views */ = {
			isa = PBXGroup;
			children = (
			);
			path = Views;
			sourceTree = "<group>";
		};
/* End PBXGroup section */

/* Begin PBXNativeTarget section */
		6E2E7BC91FBF2D0F000D935A /* EnvironNews */ = {
			isa = PBXNativeTarget;
			buildConfigurationList = 6E2E7BF51FBF2D10000D935A /* Build configuration list for PBXNativeTarget "EnvironNews" */;
			buildPhases = (
				6E2E7BC61FBF2D0F000D935A /* Sources */,
				6E2E7BC71FBF2D0F000D935A /* Frameworks */,
				6E2E7BC81FBF2D0F000D935A /* Resources */,
			);
			buildRules = (
			);
			dependencies = (
			);
			name = EnvironNews;
			productName = EnvironNews;
			productReference = 6E2E7BCA1FBF2D0F000D935A /* EnvironNews.app */;
			productType = "com.apple.product-type.application";
		};
		6E2E7BE01FBF2D0F000D935A /* EnvironNewsTests */ = {
			isa = PBXNativeTarget;
			buildConfigurationList = 6E2E7BF81FBF2D10000D935A /* Build configuration list for PBXNativeTarget "EnvironNewsTests" */;
			buildPhases = (
				6E2E7BDD1FBF2D0F000D935A /* Sources */,
				6E2E7BDE1FBF2D0F000D935A /* Frameworks */,
				6E2E7BDF1FBF2D0F000D935A /* Resources */,
			);
			buildRules = (
			);
			dependencies = (
				6E2E7BE31FBF2D0F000D935A /* PBXTargetDependency */,
			);
			name = EnvironNewsTests;
			productName = EnvironNewsTests;
			productReference = 6E2E7BE11FBF2D0F000D935A /* EnvironNewsTests.xctest */;
			productType = "com.apple.product-type.bundle.unit-test";
		};
		6E2E7BEB1FBF2D0F000D935A /* EnvironNewsUITests */ = {
			isa = PBXNativeTarget;
			buildConfigurationList = 6E2E7BFB1FBF2D10000D935A /* Build configuration list for PBXNativeTarget "EnvironNewsUITests" */;
			buildPhases = (
				6E2E7BE81FBF2D0F000D935A /* Sources */,
				6E2E7BE91FBF2D0F000D935A /* Frameworks */,
				6E2E7BEA1FBF2D0F000D935A /* Resources */,
			);
			buildRules = (
			);
			dependencies = (
				6E2E7BEE1FBF2D10000D935A /* PBXTargetDependency */,
			);
			name = EnvironNewsUITests;
			productName = EnvironNewsUITests;
			productReference = 6E2E7BEC1FBF2D0F000D935A /* EnvironNewsUITests.xctest */;
			productType = "com.apple.product-type.bundle.ui-testing";
		};
/* End PBXNativeTarget section */

/* Begin PBXProject section */
		6E2E7BC21FBF2D0F000D935A /* Project object */ = {
			isa = PBXProject;
			attributes = {
				LastSwiftUpdateCheck = 0910;
				LastUpgradeCheck = 0910;
				ORGANIZATIONNAME = "Will Cohen";
				TargetAttributes = {
					6E2E7BC91FBF2D0F000D935A = {
						CreatedOnToolsVersion = 9.1;
						LastSwiftMigration = 0910;
						ProvisioningStyle = Automatic;
					};
					6E2E7BE01FBF2D0F000D935A = {
						CreatedOnToolsVersion = 9.1;
						ProvisioningStyle = Automatic;
						TestTargetID = 6E2E7BC91FBF2D0F000D935A;
					};
					6E2E7BEB1FBF2D0F000D935A = {
						CreatedOnToolsVersion = 9.1;
						ProvisioningStyle = Automatic;
						TestTargetID = 6E2E7BC91FBF2D0F000D935A;
					};
				};
			};
			buildConfigurationList = 6E2E7BC51FBF2D0F000D935A /* Build configuration list for PBXProject "EnvironNews" */;
			compatibilityVersion = "Xcode 8.0";
			developmentRegion = en;
			hasScannedForEncodings = 0;
			knownRegions = (
				en,
				Base,
			);
			mainGroup = 6E2E7BC11FBF2D0F000D935A;
			productRefGroup = 6E2E7BCB1FBF2D0F000D935A /* Products */;
			projectDirPath = "";
			projectRoot = "";
			targets = (
				6E2E7BC91FBF2D0F000D935A /* EnvironNews */,
				6E2E7BE01FBF2D0F000D935A /* EnvironNewsTests */,
				6E2E7BEB1FBF2D0F000D935A /* EnvironNewsUITests */,
			);
		};
/* End PBXProject section */

/* Begin PBXResourcesBuildPhase section */
		6E2E7BC81FBF2D0F000D935A /* Resources */ = {
			isa = PBXResourcesBuildPhase;
			buildActionMask = 2147483647;
			files = (
				6E2E7C0D1FBF2DC1000D935A /* Assets.xcassets in Resources */,
				6E2E7C0C1FBF2DC1000D935A /* Base.lproj in Resources */,
			);
			runOnlyForDeploymentPostprocessing = 0;
		};
		6E2E7BDF1FBF2D0F000D935A /* Resources */ = {
			isa = PBXResourcesBuildPhase;
			buildActionMask = 2147483647;
			files = (
			);
			runOnlyForDeploymentPostprocessing = 0;
		};
		6E2E7BEA1FBF2D0F000D935A /* Resources */ = {
			isa = PBXResourcesBuildPhase;
			buildActionMask = 2147483647;
			files = (
			);
			runOnlyForDeploymentPostprocessing = 0;
		};
/* End PBXResourcesBuildPhase section */

/* Begin PBXSourcesBuildPhase section */
		6E2E7BC61FBF2D0F000D935A /* Sources */ = {
			isa = PBXSourcesBuildPhase;
			buildActionMask = 2147483647;
			files = (
				6E2E7C091FBF2DBA000D935A /* EnvironNews.xcdatamodeld in Sources */,
				6E2E7C081FBF2DBA000D935A /* AppDelegate.swift in Sources */,
			);
			runOnlyForDeploymentPostprocessing = 0;
		};
		6E2E7BDD1FBF2D0F000D935A /* Sources */ = {
			isa = PBXSourcesBuildPhase;
			buildActionMask = 2147483647;
			files = (
				6E2E7BE61FBF2D0F000D935A /* EnvironNewsTests.swift in Sources */,
			);
			runOnlyForDeploymentPostprocessing = 0;
		};
		6E2E7BE81FBF2D0F000D935A /* Sources */ = {
			isa = PBXSourcesBuildPhase;
			buildActionMask = 2147483647;
			files = (
				6E2E7BF11FBF2D10000D935A /* EnvironNewsUITests.swift in Sources */,
			);
			runOnlyForDeploymentPostprocessing = 0;
		};
/* End PBXSourcesBuildPhase section */

/* Begin PBXTargetDependency section */
		6E2E7BE31FBF2D0F000D935A /* PBXTargetDependency */ = {
			isa = PBXTargetDependency;
			target = 6E2E7BC91FBF2D0F000D935A /* EnvironNews */;
			targetProxy = 6E2E7BE21FBF2D0F000D935A /* PBXContainerItemProxy */;
		};
		6E2E7BEE1FBF2D10000D935A /* PBXTargetDependency */ = {
			isa = PBXTargetDependency;
			target = 6E2E7BC91FBF2D0F000D935A /* EnvironNews */;
			targetProxy = 6E2E7BED1FBF2D10000D935A /* PBXContainerItemProxy */;
		};
/* End PBXTargetDependency section */

/* Begin XCBuildConfiguration section */
		6E2E7BF31FBF2D10000D935A /* Debug */ = {
			isa = XCBuildConfiguration;
			buildSettings = {
				ALWAYS_SEARCH_USER_PATHS = NO;
				CLANG_ANALYZER_NONNULL = YES;
				CLANG_ANALYZER_NUMBER_OBJECT_CONVERSION = YES_AGGRESSIVE;
				CLANG_CXX_LANGUAGE_STANDARD = "gnu++14";
				CLANG_CXX_LIBRARY = "libc++";
				CLANG_ENABLE_MODULES = YES;
				CLANG_ENABLE_OBJC_ARC = YES;
				CLANG_WARN_BLOCK_CAPTURE_AUTORELEASING = YES;
				CLANG_WARN_BOOL_CONVERSION = YES;
				CLANG_WARN_COMMA = YES;
				CLANG_WARN_CONSTANT_CONVERSION = YES;
				CLANG_WARN_DIRECT_OBJC_ISA_USAGE = YES_ERROR;
				CLANG_WARN_DOCUMENTATION_COMMENTS = YES;
				CLANG_WARN_EMPTY_BODY = YES;
				CLANG_WARN_ENUM_CONVERSION = YES;
				CLANG_WARN_INFINITE_RECURSION = YES;
				CLANG_WARN_INT_CONVERSION = YES;
				CLANG_WARN_NON_LITERAL_NULL_CONVERSION = YES;
				CLANG_WARN_OBJC_LITERAL_CONVERSION = YES;
				CLANG_WARN_OBJC_ROOT_CLASS = YES_ERROR;
				CLANG_WARN_RANGE_LOOP_ANALYSIS = YES;
				CLANG_WARN_STRICT_PROTOTYPES = YES;
				CLANG_WARN_SUSPICIOUS_MOVE = YES;
				CLANG_WARN_UNGUARDED_AVAILABILITY = YES_AGGRESSIVE;
				CLANG_WARN_UNREACHABLE_CODE = YES;
				CLANG_WARN__DUPLICATE_METHOD_MATCH = YES;
				CODE_SIGN_IDENTITY = "iPhone Developer";
				COPY_PHASE_STRIP = NO;
				DEBUG_INFORMATION_FORMAT = dwarf;
				ENABLE_STRICT_OBJC_MSGSEND = YES;
				ENABLE_TESTABILITY = YES;
				GCC_C_LANGUAGE_STANDARD = gnu11;
				GCC_DYNAMIC_NO_PIC = NO;
				GCC_NO_COMMON_BLOCKS = YES;
				GCC_OPTIMIZATION_LEVEL = 0;
				GCC_PREPROCESSOR_DEFINITIONS = (
					"DEBUG=1",
					"$(inherited)",
				);
				GCC_WARN_64_TO_32_BIT_CONVERSION = YES;
				GCC_WARN_ABOUT_RETURN_TYPE = YES_ERROR;
				GCC_WARN_UNDECLARED_SELECTOR = YES;
				GCC_WARN_UNINITIALIZED_AUTOS = YES_AGGRESSIVE;
				GCC_WARN_UNUSED_FUNCTION = YES;
				GCC_WARN_UNUSED_VARIABLE = YES;
				IPHONEOS_DEPLOYMENT_TARGET = 11.1;
				MTL_ENABLE_DEBUG_INFO = YES;
				ONLY_ACTIVE_ARCH = YES;
				SDKROOT = iphoneos;
				SWIFT_ACTIVE_COMPILATION_CONDITIONS = DEBUG;
				SWIFT_OPTIMIZATION_LEVEL = "-Onone";
			};
			name = Debug;
		};
		6E2E7BF41FBF2D10000D935A /* Release */ = {
			isa = XCBuildConfiguration;
			buildSettings = {
				ALWAYS_SEARCH_USER_PATHS = NO;
				CLANG_ANALYZER_NONNULL = YES;
				CLANG_ANALYZER_NUMBER_OBJECT_CONVERSION = YES_AGGRESSIVE;
				CLANG_CXX_LANGUAGE_STANDARD = "gnu++14";
				CLANG_CXX_LIBRARY = "libc++";
				CLANG_ENABLE_MODULES = YES;
				CLANG_ENABLE_OBJC_ARC = YES;
				CLANG_WARN_BLOCK_CAPTURE_AUTORELEASING = YES;
				CLANG_WARN_BOOL_CONVERSION = YES;
				CLANG_WARN_COMMA = YES;
				CLANG_WARN_CONSTANT_CONVERSION = YES;
				CLANG_WARN_DIRECT_OBJC_ISA_USAGE = YES_ERROR;
				CLANG_WARN_DOCUMENTATION_COMMENTS = YES;
				CLANG_WARN_EMPTY_BODY = YES;
				CLANG_WARN_ENUM_CONVERSION = YES;
				CLANG_WARN_INFINITE_RECURSION = YES;
				CLANG_WARN_INT_CONVERSION = YES;
				CLANG_WARN_NON_LITERAL_NULL_CONVERSION = YES;
				CLANG_WARN_OBJC_LITERAL_CONVERSION = YES;
				CLANG_WARN_OBJC_ROOT_CLASS = YES_ERROR;
				CLANG_WARN_RANGE_LOOP_ANALYSIS = YES;
				CLANG_WARN_STRICT_PROTOTYPES = YES;
				CLANG_WARN_SUSPICIOUS_MOVE = YES;
				CLANG_WARN_UNGUARDED_AVAILABILITY = YES_AGGRESSIVE;
				CLANG_WARN_UNREACHABLE_CODE = YES;
				CLANG_WARN__DUPLICATE_METHOD_MATCH = YES;
				CODE_SIGN_IDENTITY = "iPhone Developer";
				COPY_PHASE_STRIP = NO;
				DEBUG_INFORMATION_FORMAT = "dwarf-with-dsym";
				ENABLE_NS_ASSERTIONS = NO;
				ENABLE_STRICT_OBJC_MSGSEND = YES;
				GCC_C_LANGUAGE_STANDARD = gnu11;
				GCC_NO_COMMON_BLOCKS = YES;
				GCC_WARN_64_TO_32_BIT_CONVERSION = YES;
				GCC_WARN_ABOUT_RETURN_TYPE = YES_ERROR;
				GCC_WARN_UNDECLARED_SELECTOR = YES;
				GCC_WARN_UNINITIALIZED_AUTOS = YES_AGGRESSIVE;
				GCC_WARN_UNUSED_FUNCTION = YES;
				GCC_WARN_UNUSED_VARIABLE = YES;
				IPHONEOS_DEPLOYMENT_TARGET = 11.1;
				MTL_ENABLE_DEBUG_INFO = NO;
				SDKROOT = iphoneos;
				SWIFT_OPTIMIZATION_LEVEL = "-Owholemodule";
				VALIDATE_PRODUCT = YES;
			};
			name = Release;
		};
		6E2E7BF61FBF2D10000D935A /* Debug */ = {
			isa = XCBuildConfiguration;
			buildSettings = {
				ASSETCATALOG_COMPILER_APPICON_NAME = AppIcon;
				CLANG_ENABLE_MODULES = YES;
				CODE_SIGN_STYLE = Automatic;
				DEVELOPMENT_TEAM = 2X5M32A4UP;
				INFOPLIST_FILE = EnvironNews/Info.plist;
				LD_RUNPATH_SEARCH_PATHS = "$(inherited) @executable_path/Frameworks";
				PRODUCT_BUNDLE_IDENTIFIER = com.willcohen.EnvironNews;
				PRODUCT_NAME = "$(TARGET_NAME)";
				SWIFT_OBJC_BRIDGING_HEADER = "EnvironNews/Supporting/EnvironNews-Bridging-Header.h";
				SWIFT_OPTIMIZATION_LEVEL = "-Onone";
				SWIFT_VERSION = 4.0;
				TARGETED_DEVICE_FAMILY = "1,2";
			};
			name = Debug;
		};
		6E2E7BF71FBF2D10000D935A /* Release */ = {
			isa = XCBuildConfiguration;
			buildSettings = {
				ASSETCATALOG_COMPILER_APPICON_NAME = AppIcon;
				CLANG_ENABLE_MODULES = YES;
				CODE_SIGN_STYLE = Automatic;
				DEVELOPMENT_TEAM = 2X5M32A4UP;
				INFOPLIST_FILE = EnvironNews/Info.plist;
				LD_RUNPATH_SEARCH_PATHS = "$(inherited) @executable_path/Frameworks";
				PRODUCT_BUNDLE_IDENTIFIER = com.willcohen.EnvironNews;
				PRODUCT_NAME = "$(TARGET_NAME)";
				SWIFT_OBJC_BRIDGING_HEADER = "EnvironNews/Supporting/EnvironNews-Bridging-Header.h";
				SWIFT_VERSION = 4.0;
				TARGETED_DEVICE_FAMILY = "1,2";
			};
			name = Release;
		};
		6E2E7BF91FBF2D10000D935A /* Debug */ = {
			isa = XCBuildConfiguration;
			buildSettings = {
				ALWAYS_EMBED_SWIFT_STANDARD_LIBRARIES = YES;
				BUNDLE_LOADER = "$(TEST_HOST)";
				CODE_SIGN_STYLE = Automatic;
				DEVELOPMENT_TEAM = 2X5M32A4UP;
				INFOPLIST_FILE = EnvironNewsTests/Info.plist;
				LD_RUNPATH_SEARCH_PATHS = "$(inherited) @executable_path/Frameworks @loader_path/Frameworks";
				PRODUCT_BUNDLE_IDENTIFIER = com.willcohen.EnvironNewsTests;
				PRODUCT_NAME = "$(TARGET_NAME)";
				SWIFT_VERSION = 4.0;
				TARGETED_DEVICE_FAMILY = "1,2";
				TEST_HOST = "$(BUILT_PRODUCTS_DIR)/EnvironNews.app/EnvironNews";
			};
			name = Debug;
		};
		6E2E7BFA1FBF2D10000D935A /* Release */ = {
			isa = XCBuildConfiguration;
			buildSettings = {
				ALWAYS_EMBED_SWIFT_STANDARD_LIBRARIES = YES;
				BUNDLE_LOADER = "$(TEST_HOST)";
				CODE_SIGN_STYLE = Automatic;
				DEVELOPMENT_TEAM = 2X5M32A4UP;
				INFOPLIST_FILE = EnvironNewsTests/Info.plist;
				LD_RUNPATH_SEARCH_PATHS = "$(inherited) @executable_path/Frameworks @loader_path/Frameworks";
				PRODUCT_BUNDLE_IDENTIFIER = com.willcohen.EnvironNewsTests;
				PRODUCT_NAME = "$(TARGET_NAME)";
				SWIFT_VERSION = 4.0;
				TARGETED_DEVICE_FAMILY = "1,2";
				TEST_HOST = "$(BUILT_PRODUCTS_DIR)/EnvironNews.app/EnvironNews";
			};
			name = Release;
		};
		6E2E7BFC1FBF2D10000D935A /* Debug */ = {
			isa = XCBuildConfiguration;
			buildSettings = {
				ALWAYS_EMBED_SWIFT_STANDARD_LIBRARIES = YES;
				CODE_SIGN_STYLE = Automatic;
				DEVELOPMENT_TEAM = 2X5M32A4UP;
				INFOPLIST_FILE = EnvironNewsUITests/Info.plist;
				LD_RUNPATH_SEARCH_PATHS = "$(inherited) @executable_path/Frameworks @loader_path/Frameworks";
				PRODUCT_BUNDLE_IDENTIFIER = com.willcohen.EnvironNewsUITests;
				PRODUCT_NAME = "$(TARGET_NAME)";
				SWIFT_VERSION = 4.0;
				TARGETED_DEVICE_FAMILY = "1,2";
				TEST_TARGET_NAME = EnvironNews;
			};
			name = Debug;
		};
		6E2E7BFD1FBF2D10000D935A /* Release */ = {
			isa = XCBuildConfiguration;
			buildSettings = {
				ALWAYS_EMBED_SWIFT_STANDARD_LIBRARIES = YES;
				CODE_SIGN_STYLE = Automatic;
				DEVELOPMENT_TEAM = 2X5M32A4UP;
				INFOPLIST_FILE = EnvironNewsUITests/Info.plist;
				LD_RUNPATH_SEARCH_PATHS = "$(inherited) @executable_path/Frameworks @loader_path/Frameworks";
				PRODUCT_BUNDLE_IDENTIFIER = com.willcohen.EnvironNewsUITests;
				PRODUCT_NAME = "$(TARGET_NAME)";
				SWIFT_VERSION = 4.0;
				TARGETED_DEVICE_FAMILY = "1,2";
				TEST_TARGET_NAME = EnvironNews;
			};
			name = Release;
		};
/* End XCBuildConfiguration section */

/* Begin XCConfigurationList section */
		6E2E7BC51FBF2D0F000D935A /* Build configuration list for PBXProject "EnvironNews" */ = {
			isa = XCConfigurationList;
			buildConfigurations = (
				6E2E7BF31FBF2D10000D935A /* Debug */,
				6E2E7BF41FBF2D10000D935A /* Release */,
			);
			defaultConfigurationIsVisible = 0;
			defaultConfigurationName = Release;
		};
		6E2E7BF51FBF2D10000D935A /* Build configuration list for PBXNativeTarget "EnvironNews" */ = {
			isa = XCConfigurationList;
			buildConfigurations = (
				6E2E7BF61FBF2D10000D935A /* Debug */,
				6E2E7BF71FBF2D10000D935A /* Release */,
			);
			defaultConfigurationIsVisible = 0;
			defaultConfigurationName = Release;
		};
		6E2E7BF81FBF2D10000D935A /* Build configuration list for PBXNativeTarget "EnvironNewsTests" */ = {
			isa = XCConfigurationList;
			buildConfigurations = (
				6E2E7BF91FBF2D10000D935A /* Debug */,
				6E2E7BFA1FBF2D10000D935A /* Release */,
			);
			defaultConfigurationIsVisible = 0;
			defaultConfigurationName = Release;
		};
		6E2E7BFB1FBF2D10000D935A /* Build configuration list for PBXNativeTarget "EnvironNewsUITests" */ = {
			isa = XCConfigurationList;
			buildConfigurations = (
				6E2E7BFC1FBF2D10000D935A /* Debug */,
				6E2E7BFD1FBF2D10000D935A /* Release */,
			);
			defaultConfigurationIsVisible = 0;
			defaultConfigurationName = Release;
		};
/* End XCConfigurationList section */

/* Begin XCVersionGroup section */
		6E2E7C061FBF2DBA000D935A /* EnvironNews.xcdatamodeld */ = {
			isa = XCVersionGroup;
			children = (
				6E2E7C071FBF2DBA000D935A /* EnvironNews.xcdatamodel */,
			);
			currentVersion = 6E2E7C071FBF2DBA000D935A /* EnvironNews.xcdatamodel */;
			path = EnvironNews.xcdatamodeld;
			sourceTree = "<group>";
			versionGroupType = wrapper.xcdatamodel;
		};
/* End XCVersionGroup section */
	};
	rootObject = 6E2E7BC21FBF2D0F000D935A /* Project object */;
}
